# This file is automatically @generated by Poetry 2.1.3 and should not be changed by hand.

[[package]]
name = "asgiref"
version = "3.8.1"
description = "ASGI specs, helper code, and adapters"
optional = false
python-versions = ">=3.8"
groups = ["main"]
files = [
    {file = "asgiref-3.8.1-py3-none-any.whl", hash = "sha256:3e1e3ecc849832fe52ccf2cb6686b7a55f82bb1d6aee72a58826471390335e47"},
    {file = "asgiref-3.8.1.tar.gz", hash = "sha256:c343bd80a0bec947a9860adb4c432ffa7db769836c64238fc34bdc3fec84d590"},
]

[package.extras]
tests = ["mypy (>=0.800)", "pytest", "pytest-asyncio"]

[[package]]
name = "django"
version = "5.2.1"
description = "A high-level Python web framework that encourages rapid development and clean, pragmatic design."
optional = false
python-versions = ">=3.10"
groups = ["main"]
files = [
    {file = "django-5.2.1-py3-none-any.whl", hash = "sha256:a9b680e84f9a0e71da83e399f1e922e1ab37b2173ced046b541c72e1589a5961"},
    {file = "django-5.2.1.tar.gz", hash = "sha256:57fe1f1b59462caed092c80b3dd324fd92161b620d59a9ba9181c34746c97284"},
]

[package.dependencies]
asgiref = ">=3.8.1"
sqlparse = ">=0.3.1"
tzdata = {version = "*", markers = "sys_platform == \"win32\""}

[package.extras]
argon2 = ["argon2-cffi (>=19.1.0)"]
bcrypt = ["bcrypt"]

[[package]]
name = "mypy"
version = "1.15.0"
description = "Optional static typing for Python"
optional = false
python-versions = ">=3.9"
groups = ["main"]
files = [
    {file = "mypy-1.15.0-cp310-cp310-macosx_10_9_x86_64.whl", hash = "sha256:979e4e1a006511dacf628e36fadfecbcc0160a8af6ca7dad2f5025529e082c13"},
    {file = "mypy-1.15.0-cp310-cp310-macosx_11_0_arm64.whl", hash = "sha256:c4bb0e1bd29f7d34efcccd71cf733580191e9a264a2202b0239da95984c5b559"},
    {file = "mypy-1.15.0-cp310-cp310-manylinux_2_17_aarch64.manylinux2014_aarch64.manylinux_2_28_aarch64.whl", hash = "sha256:be68172e9fd9ad8fb876c6389f16d1c1b5f100ffa779f77b1fb2176fcc9ab95b"},
    {file = "mypy-1.15.0-cp310-cp310-manylinux_2_17_x86_64.manylinux2014_x86_64.manylinux_2_28_x86_64.whl", hash = "sha256:c7be1e46525adfa0d97681432ee9fcd61a3964c2446795714699a998d193f1a3"},
    {file = "mypy-1.15.0-cp310-cp310-musllinux_1_2_x86_64.whl", hash = "sha256:2e2c2e6d3593f6451b18588848e66260ff62ccca522dd231cd4dd59b0160668b"},
    {file = "mypy-1.15.0-cp310-cp310-win_amd64.whl", hash = "sha256:6983aae8b2f653e098edb77f893f7b6aca69f6cffb19b2cc7443f23cce5f4828"},
    {file = "mypy-1.15.0-cp311-cp311-macosx_10_9_x86_64.whl", hash = "sha256:2922d42e16d6de288022e5ca321cd0618b238cfc5570e0263e5ba0a77dbef56f"},
    {file = "mypy-1.15.0-cp311-cp311-macosx_11_0_arm64.whl", hash = "sha256:2ee2d57e01a7c35de00f4634ba1bbf015185b219e4dc5909e281016df43f5ee5"},
    {file = "mypy-1.15.0-cp311-cp311-manylinux_2_17_aarch64.manylinux2014_aarch64.manylinux_2_28_aarch64.whl", hash = "sha256:973500e0774b85d9689715feeffcc980193086551110fd678ebe1f4342fb7c5e"},
    {file = "mypy-1.15.0-cp311-cp311-manylinux_2_17_x86_64.manylinux2014_x86_64.manylinux_2_28_x86_64.whl", hash = "sha256:5a95fb17c13e29d2d5195869262f8125dfdb5c134dc8d9a9d0aecf7525b10c2c"},
    {file = "mypy-1.15.0-cp311-cp311-musllinux_1_2_x86_64.whl", hash = "sha256:1905f494bfd7d85a23a88c5d97840888a7bd516545fc5aaedff0267e0bb54e2f"},
    {file = "mypy-1.15.0-cp311-cp311-win_amd64.whl", hash = "sha256:c9817fa23833ff189db061e6d2eff49b2f3b6ed9856b4a0a73046e41932d744f"},
    {file = "mypy-1.15.0-cp312-cp312-macosx_10_13_x86_64.whl", hash = "sha256:aea39e0583d05124836ea645f412e88a5c7d0fd77a6d694b60d9b6b2d9f184fd"},
    {file = "mypy-1.15.0-cp312-cp312-macosx_11_0_arm64.whl", hash = "sha256:2f2147ab812b75e5b5499b01ade1f4a81489a147c01585cda36019102538615f"},
    {file = "mypy-1.15.0-cp312-cp312-manylinux_2_17_aarch64.manylinux2014_aarch64.manylinux_2_28_aarch64.whl", hash = "sha256:ce436f4c6d218a070048ed6a44c0bbb10cd2cc5e272b29e7845f6a2f57ee4464"},
    {file = "mypy-1.15.0-cp312-cp312-manylinux_2_17_x86_64.manylinux2014_x86_64.manylinux_2_28_x86_64.whl", hash = "sha256:8023ff13985661b50a5928fc7a5ca15f3d1affb41e5f0a9952cb68ef090b31ee"},
    {file = "mypy-1.15.0-cp312-cp312-musllinux_1_2_x86_64.whl", hash = "sha256:1124a18bc11a6a62887e3e137f37f53fbae476dc36c185d549d4f837a2a6a14e"},
    {file = "mypy-1.15.0-cp312-cp312-win_amd64.whl", hash = "sha256:171a9ca9a40cd1843abeca0e405bc1940cd9b305eaeea2dda769ba096932bb22"},
    {file = "mypy-1.15.0-cp313-cp313-macosx_10_13_x86_64.whl", hash = "sha256:93faf3fdb04768d44bf28693293f3904bbb555d076b781ad2530214ee53e3445"},
    {file = "mypy-1.15.0-cp313-cp313-macosx_11_0_arm64.whl", hash = "sha256:811aeccadfb730024c5d3e326b2fbe9249bb7413553f15499a4050f7c30e801d"},
    {file = "mypy-1.15.0-cp313-cp313-manylinux_2_17_aarch64.manylinux2014_aarch64.manylinux_2_28_aarch64.whl", hash = "sha256:98b7b9b9aedb65fe628c62a6dc57f6d5088ef2dfca37903a7d9ee374d03acca5"},
    {file = "mypy-1.15.0-cp313-cp313-manylinux_2_17_x86_64.manylinux2014_x86_64.manylinux_2_28_x86_64.whl", hash = "sha256:c43a7682e24b4f576d93072216bf56eeff70d9140241f9edec0c104d0c515036"},
    {file = "mypy-1.15.0-cp313-cp313-musllinux_1_2_x86_64.whl", hash = "sha256:baefc32840a9f00babd83251560e0ae1573e2f9d1b067719479bfb0e987c6357"},
    {file = "mypy-1.15.0-cp313-cp313-win_amd64.whl", hash = "sha256:b9378e2c00146c44793c98b8d5a61039a048e31f429fb0eb546d93f4b000bedf"},
    {file = "mypy-1.15.0-cp39-cp39-macosx_10_9_x86_64.whl", hash = "sha256:e601a7fa172c2131bff456bb3ee08a88360760d0d2f8cbd7a75a65497e2df078"},
    {file = "mypy-1.15.0-cp39-cp39-macosx_11_0_arm64.whl", hash = "sha256:712e962a6357634fef20412699a3655c610110e01cdaa6180acec7fc9f8513ba"},
    {file = "mypy-1.15.0-cp39-cp39-manylinux_2_17_aarch64.manylinux2014_aarch64.manylinux_2_28_aarch64.whl", hash = "sha256:f95579473af29ab73a10bada2f9722856792a36ec5af5399b653aa28360290a5"},
    {file = "mypy-1.15.0-cp39-cp39-manylinux_2_17_x86_64.manylinux2014_x86_64.manylinux_2_28_x86_64.whl", hash = "sha256:8f8722560a14cde92fdb1e31597760dc35f9f5524cce17836c0d22841830fd5b"},
    {file = "mypy-1.15.0-cp39-cp39-musllinux_1_2_x86_64.whl", hash = "sha256:1fbb8da62dc352133d7d7ca90ed2fb0e9d42bb1a32724c287d3c76c58cbaa9c2"},
    {file = "mypy-1.15.0-cp39-cp39-win_amd64.whl", hash = "sha256:d10d994b41fb3497719bbf866f227b3489048ea4bbbb5015357db306249f7980"},
    {file = "mypy-1.15.0-py3-none-any.whl", hash = "sha256:5469affef548bd1895d86d3bf10ce2b44e33d86923c29e4d675b3e323437ea3e"},
    {file = "mypy-1.15.0.tar.gz", hash = "sha256:404534629d51d3efea5c800ee7c42b72a6554d6c400e6a79eafe15d11341fd43"},
]

[package.dependencies]
mypy_extensions = ">=1.0.0"
typing_extensions = ">=4.6.0"

[package.extras]
dmypy = ["psutil (>=4.0)"]
faster-cache = ["orjson"]
install-types = ["pip"]
mypyc = ["setuptools (>=50)"]
reports = ["lxml"]

[[package]]
name = "mypy-extensions"
version = "1.1.0"
description = "Type system extensions for programs checked with the mypy type checker."
optional = false
python-versions = ">=3.8"
groups = ["main"]
files = [
    {file = "mypy_extensions-1.1.0-py3-none-any.whl", hash = "sha256:1be4cccdb0f2482337c4743e60421de3a356cd97508abadd57d47403e94f5505"},
    {file = "mypy_extensions-1.1.0.tar.gz", hash = "sha256:52e68efc3284861e772bbcd66823fde5ae21fd2fdb51c62a211403730b916558"},
]

[[package]]
name = "psycopg"
version = "3.2.7"
description = "PostgreSQL database adapter for Python"
optional = false
python-versions = ">=3.8"
groups = ["main"]
files = [
    {file = "psycopg-3.2.7-py3-none-any.whl", hash = "sha256:d39747d2d5b9658b69fa462ad21d31f1ba4a5722ad1d0cb952552bc0b4125451"},
    {file = "psycopg-3.2.7.tar.gz", hash = "sha256:9afa609c7ebf139827a38c0bf61be9c024a3ed743f56443de9d38e1efc260bf3"},
]

[package.dependencies]
typing-extensions = {version = ">=4.6", markers = "python_version < \"3.13\""}
tzdata = {version = "*", markers = "sys_platform == \"win32\""}

[package.extras]
binary = ["psycopg-binary (==3.2.7) ; implementation_name != \"pypy\""]
c = ["psycopg-c (==3.2.7) ; implementation_name != \"pypy\""]
dev = ["ast-comments (>=1.1.2)", "black (>=24.1.0)", "codespell (>=2.2)", "dnspython (>=2.1)", "flake8 (>=4.0)", "isort-psycopg", "isort[colors] (>=6.0)", "mypy (>=1.14)", "pre-commit (>=4.0.1)", "types-setuptools (>=57.4)", "types-shapely (>=2.0)", "wheel (>=0.37)"]
docs = ["Sphinx (>=5.0)", "furo (==2022.6.21)", "sphinx-autobuild (>=2021.3.14)", "sphinx-autodoc-typehints (>=1.12)"]
pool = ["psycopg-pool"]
test = ["anyio (>=4.0)", "mypy (>=1.14)", "pproxy (>=2.7)", "pytest (>=6.2.5)", "pytest-cov (>=3.0)", "pytest-randomly (>=3.5)"]

[[package]]
name = "psycopg-binary"
version = "3.2.7"
description = "PostgreSQL database adapter for Python -- C optimisation distribution"
optional = false
python-versions = ">=3.8"
groups = ["main"]
files = [
    {file = "psycopg_binary-3.2.7-cp310-cp310-macosx_10_9_x86_64.whl", hash = "sha256:17ab2b4c2722138b7a6eb42d139ad8e5fed792574c1069f27abf8f8ebb0d7f75"},
    {file = "psycopg_binary-3.2.7-cp310-cp310-macosx_11_0_arm64.whl", hash = "sha256:063f5a56ccab2b9eef58f55437cff78c59c5562ebb5f7453ecd480f038b045dc"},
    {file = "psycopg_binary-3.2.7-cp310-cp310-manylinux_2_17_aarch64.manylinux2014_aarch64.whl", hash = "sha256:70632c9687731c8d0c9c72fbb73893e82ba4a2cdc8ffdd4c5bbcef51cc9c6b16"},
    {file = "psycopg_binary-3.2.7-cp310-cp310-manylinux_2_17_i686.manylinux2014_i686.whl", hash = "sha256:ebca1fd4b59523e3127eba7257bf764e80cddd9444b7f0d2870210ffc80ac688"},
    {file = "psycopg_binary-3.2.7-cp310-cp310-manylinux_2_17_ppc64le.manylinux2014_ppc64le.whl", hash = "sha256:f2371822bc0b35ad735298964d531f95e59cfa2d31b87408f7d63ae78173279c"},
    {file = "psycopg_binary-3.2.7-cp310-cp310-manylinux_2_17_x86_64.manylinux2014_x86_64.whl", hash = "sha256:18b1cd14d99d358483c665355eebb650f5e76f2d41c942fe6d0836b0fe76fbf0"},
    {file = "psycopg_binary-3.2.7-cp310-cp310-musllinux_1_2_aarch64.whl", hash = "sha256:82369aa7cfbff19d65182698ee542af75d90c27284201d718f54f7b52480f730"},
    {file = "psycopg_binary-3.2.7-cp310-cp310-musllinux_1_2_i686.whl", hash = "sha256:00ba447b23daaacd9391c6a7ee0781e0860af72d0742c4d261df07940d601e29"},
    {file = "psycopg_binary-3.2.7-cp310-cp310-musllinux_1_2_ppc64le.whl", hash = "sha256:0ccff5f988345dad22146f165e4395b37b9f4f3e3dd42eedad6627e791a8c8b4"},
    {file = "psycopg_binary-3.2.7-cp310-cp310-musllinux_1_2_x86_64.whl", hash = "sha256:82e9ee9943da44a08f737d80c9b3878f9d4916a947cf182cd183f81e825cc41d"},
    {file = "psycopg_binary-3.2.7-cp310-cp310-win_amd64.whl", hash = "sha256:26b1b7e39fa5139f99cb02a186dfa447c41f7e55c0aebb5f2da6ddf5b6ec5b32"},
    {file = "psycopg_binary-3.2.7-cp311-cp311-macosx_10_9_x86_64.whl", hash = "sha256:4d001950bcabb725e003609073b83678962e9308e0b194a5227d6758ba8d46e0"},
    {file = "psycopg_binary-3.2.7-cp311-cp311-macosx_11_0_arm64.whl", hash = "sha256:57acabe70587b65471b9f42593ec9bb17d317118e0dbe92d7173f0a75939150a"},
    {file = "psycopg_binary-3.2.7-cp311-cp311-manylinux_2_17_aarch64.manylinux2014_aarch64.whl", hash = "sha256:93f3937f293a30310501204bf0833704283675a8819a395bea8e352a5abaee84"},
    {file = "psycopg_binary-3.2.7-cp311-cp311-manylinux_2_17_i686.manylinux2014_i686.whl", hash = "sha256:72a3fb7cd7da15157bf63792db7346dfe2a07e3bc6ff702c7e8a76719e6efca0"},
    {file = "psycopg_binary-3.2.7-cp311-cp311-manylinux_2_17_ppc64le.manylinux2014_ppc64le.whl", hash = "sha256:0350ba9a14295b266fba83d5a691511bf4ceb5df863973b525230fd15fd483f2"},
    {file = "psycopg_binary-3.2.7-cp311-cp311-manylinux_2_17_x86_64.manylinux2014_x86_64.whl", hash = "sha256:de12375a49e70a6ac52431aa92b9c2e4ca01fea4fa872b4cd31e19028e3095d7"},
    {file = "psycopg_binary-3.2.7-cp311-cp311-musllinux_1_2_aarch64.whl", hash = "sha256:33bb035e6f9b4911291472d6b5386b283fc835b97d2b1dc57f2ff82f777cb9f2"},
    {file = "psycopg_binary-3.2.7-cp311-cp311-musllinux_1_2_i686.whl", hash = "sha256:ed59c833678b55932f78aa60e85691b40fd7d2058ad60ca369fc4f908218c688"},
    {file = "psycopg_binary-3.2.7-cp311-cp311-musllinux_1_2_ppc64le.whl", hash = "sha256:b404c1a091dd034254694ae56111c69f07d54419c5436366c5b3af2aac9dce04"},
    {file = "psycopg_binary-3.2.7-cp311-cp311-musllinux_1_2_x86_64.whl", hash = "sha256:25a3527a26b7589434a3eb52ad32b1f67e1af034cb17bd36a77344896d54b403"},
    {file = "psycopg_binary-3.2.7-cp311-cp311-win_amd64.whl", hash = "sha256:f5a2ebd0772c059e521b70a826a11b962fcba465b001fd655ca6aba10dc9432d"},
    {file = "psycopg_binary-3.2.7-cp312-cp312-macosx_10_13_x86_64.whl", hash = "sha256:76e55ec30b3947b921f267795ffd2f433c65fc8a41adc4939fd9ccfb0f5b0322"},
    {file = "psycopg_binary-3.2.7-cp312-cp312-macosx_11_0_arm64.whl", hash = "sha256:5ff4c97a04eeb11d54d4c8ca22459e2cca9a423e7f397c29ae311c6e7c784d49"},
    {file = "psycopg_binary-3.2.7-cp312-cp312-manylinux_2_17_aarch64.manylinux2014_aarch64.whl", hash = "sha256:5d1c97a7c57e83b55172b585702744cd6bdad37c7a18cabdf55ba1e5a66ce476"},
    {file = "psycopg_binary-3.2.7-cp312-cp312-manylinux_2_17_i686.manylinux2014_i686.whl", hash = "sha256:b394542a8b0706102a86c7006978848cf1748f4191e0e0e32b1f814b63ae7d68"},
    {file = "psycopg_binary-3.2.7-cp312-cp312-manylinux_2_17_ppc64le.manylinux2014_ppc64le.whl", hash = "sha256:f6a10440bc02ed3a0ac1cb2d61e117273ce20e3d103061452acc7ed2c9a89e53"},
    {file = "psycopg_binary-3.2.7-cp312-cp312-manylinux_2_17_x86_64.manylinux2014_x86_64.whl", hash = "sha256:8eee57667fdd8a1cd8c4c2dc7350914267baf4d699690d44e439df9ae9148e7a"},
    {file = "psycopg_binary-3.2.7-cp312-cp312-musllinux_1_2_aarch64.whl", hash = "sha256:fd35ddbbfbe3cbe00a2b578defc7365e5e047e4fa9b803659bd4e8c3962069e7"},
    {file = "psycopg_binary-3.2.7-cp312-cp312-musllinux_1_2_i686.whl", hash = "sha256:e7f1d2dc575b00d951317b788a2244fdfcdd1503221ebc7e479220f6e3414aa4"},
    {file = "psycopg_binary-3.2.7-cp312-cp312-musllinux_1_2_ppc64le.whl", hash = "sha256:359b2056e1203010c0044c12a3f933d522c613d7ee280d84be3643458f416796"},
    {file = "psycopg_binary-3.2.7-cp312-cp312-musllinux_1_2_x86_64.whl", hash = "sha256:532b5c8a9ec70173812fbba26bbd5cf57c0f1c680907d637ddbb1be15dbf89d7"},
    {file = "psycopg_binary-3.2.7-cp312-cp312-win_amd64.whl", hash = "sha256:47e9d09b4f898eaf46cd2b7433f9e6faa935246a9d8983b4f88f0a46809abbd2"},
    {file = "psycopg_binary-3.2.7-cp313-cp313-macosx_10_13_x86_64.whl", hash = "sha256:3b280862c623616e0ced03602c98b44f51ab8cdaaad31f6b3523a2a68b2f92a4"},
    {file = "psycopg_binary-3.2.7-cp313-cp313-macosx_11_0_arm64.whl", hash = "sha256:add318f12dc2be4d8a817e70c38cfd23a2af80ff6f871089e63012b62bf96f00"},
    {file = "psycopg_binary-3.2.7-cp313-cp313-manylinux_2_17_aarch64.manylinux2014_aarch64.whl", hash = "sha256:03994806e62e795b1b286c60bb5d23e1cc3982b06192e87ec4dff0a0f7c528e2"},
    {file = "psycopg_binary-3.2.7-cp313-cp313-manylinux_2_17_i686.manylinux2014_i686.whl", hash = "sha256:77709be5dc45828ca06d9d87fa7b065720fb87b1aa3e72d44177562f1df50ad2"},
    {file = "psycopg_binary-3.2.7-cp313-cp313-manylinux_2_17_ppc64le.manylinux2014_ppc64le.whl", hash = "sha256:64d959a17ac2f1ff87a191786f66ae452791fbe73cee7375f2dafd2696e605a9"},
    {file = "psycopg_binary-3.2.7-cp313-cp313-manylinux_2_17_x86_64.manylinux2014_x86_64.whl", hash = "sha256:239e24fa33c6213320da0aee72d541e4780adb21753fc692337043c235118cf1"},
    {file = "psycopg_binary-3.2.7-cp313-cp313-musllinux_1_2_aarch64.whl", hash = "sha256:d31c0523e0294e008d9031f2f2034a010f043ae8c7af0589d614b0bf6ed6e6aa"},
    {file = "psycopg_binary-3.2.7-cp313-cp313-musllinux_1_2_i686.whl", hash = "sha256:a15c88f1695c8dc8b90625931fe86909c74f7770bad7312999ee6babb0143dcc"},
    {file = "psycopg_binary-3.2.7-cp313-cp313-musllinux_1_2_ppc64le.whl", hash = "sha256:3c02790afcc6d82d1b9d886d9323f955c5c998693966c4c1e6d0ff9a96276a1e"},
    {file = "psycopg_binary-3.2.7-cp313-cp313-musllinux_1_2_x86_64.whl", hash = "sha256:1d2288a7f1d0dec1ccce50b4470751acb563689048752fdbf7a4a804df3a0e0d"},
    {file = "psycopg_binary-3.2.7-cp313-cp313-win_amd64.whl", hash = "sha256:c3781beaffb33fce17d8f137b003ebd930a7148eab2a1f60628e86c3d67884ea"},
    {file = "psycopg_binary-3.2.7-cp38-cp38-macosx_10_9_x86_64.whl", hash = "sha256:a1e4c873cf553276cfe28ae0ec9cd969c43ef722616d092f8b17b5d69fd5c839"},
    {file = "psycopg_binary-3.2.7-cp38-cp38-manylinux_2_17_aarch64.manylinux2014_aarch64.whl", hash = "sha256:aa2cef360f8fd108eb9100427914e814722e1ded4631d23304865c88e69f6bbf"},
    {file = "psycopg_binary-3.2.7-cp38-cp38-manylinux_2_17_i686.manylinux2014_i686.whl", hash = "sha256:8b5133fdddfd0da76e72add375fc79eee5d741c32c99e602aecdaa543d2e3466"},
    {file = "psycopg_binary-3.2.7-cp38-cp38-manylinux_2_17_ppc64le.manylinux2014_ppc64le.whl", hash = "sha256:9ec1e7287d80a22d58030862e57389654fc618ae70eeeb54e1f82fe86454ad06"},
    {file = "psycopg_binary-3.2.7-cp38-cp38-manylinux_2_17_x86_64.manylinux2014_x86_64.whl", hash = "sha256:2a2e82ccee04feb93bf4fd41fc56b6a961611059b777c3187321c943242c9e4e"},
    {file = "psycopg_binary-3.2.7-cp38-cp38-musllinux_1_2_aarch64.whl", hash = "sha256:e3ac59a0d067199d7d438d36248e31919987e69854db196f7133f0c89d4489a1"},
    {file = "psycopg_binary-3.2.7-cp38-cp38-musllinux_1_2_i686.whl", hash = "sha256:51a45bfd428a0af0f42838e4f744a39ddbddc1a131e89551e569a9ed4bfd97a6"},
    {file = "psycopg_binary-3.2.7-cp38-cp38-musllinux_1_2_ppc64le.whl", hash = "sha256:93a6350514ad348327f6a5cfb6c8fe29ccba9b6cdb9ffea09bb4b57a27cca18d"},
    {file = "psycopg_binary-3.2.7-cp38-cp38-musllinux_1_2_x86_64.whl", hash = "sha256:b44a2c5e85d047f1fe54dc297c128f7ef375435a6cf583886a8d701c75716cd4"},
    {file = "psycopg_binary-3.2.7-cp38-cp38-win_amd64.whl", hash = "sha256:506db31c1e08e8fb8132e4dce7708fe9aeedc3908d3ed10a3ea76e463d6ea904"},
    {file = "psycopg_binary-3.2.7-cp39-cp39-macosx_10_9_x86_64.whl", hash = "sha256:519d7d8f35c5392599a5f5ceb9ebaa50881024fb6ecd32ea55436c8e3cda27cc"},
    {file = "psycopg_binary-3.2.7-cp39-cp39-macosx_11_0_arm64.whl", hash = "sha256:ef399143d63bd67febe92b923dc6bd56bc8a9c3581a68bc8982eed75963ad169"},
    {file = "psycopg_binary-3.2.7-cp39-cp39-manylinux_2_17_aarch64.manylinux2014_aarch64.whl", hash = "sha256:f3a34757170706c67be94b248db458d3602269828a067a84bdc536869d35fed5"},
    {file = "psycopg_binary-3.2.7-cp39-cp39-manylinux_2_17_i686.manylinux2014_i686.whl", hash = "sha256:05a7265e80b362b93af2dbea0cd8828e6cbbb6daea97f2b0b4f29e61bd34b2e3"},
    {file = "psycopg_binary-3.2.7-cp39-cp39-manylinux_2_17_ppc64le.manylinux2014_ppc64le.whl", hash = "sha256:d2a9aa6ddfd6a8fb5756498ccb7a3a4f9cd87906d9e8ac36b69e116b7104b891"},
    {file = "psycopg_binary-3.2.7-cp39-cp39-manylinux_2_17_x86_64.manylinux2014_x86_64.whl", hash = "sha256:69310b8dc1277556711f6818b75a92581ae6c3cd2ca3c9c0798caf15976a8562"},
    {file = "psycopg_binary-3.2.7-cp39-cp39-musllinux_1_2_aarch64.whl", hash = "sha256:73349f876b7288200c576c5c14b29c5f3266fb30598c3723dc57cfe05adf3121"},
    {file = "psycopg_binary-3.2.7-cp39-cp39-musllinux_1_2_i686.whl", hash = "sha256:a8d3c8df6eb652e8140b24941b4da8bd07bfa7564101e9dee496a28683f7c2f8"},
    {file = "psycopg_binary-3.2.7-cp39-cp39-musllinux_1_2_ppc64le.whl", hash = "sha256:2321b6edfb4ca38a3446d5e88abe9ce78c04fc616d05a598ffe7cc5e2535c1fc"},
    {file = "psycopg_binary-3.2.7-cp39-cp39-musllinux_1_2_x86_64.whl", hash = "sha256:2cf25feb92dceb5739dd029a047664a02f5df25a5e086d577cae810daf6a302a"},
    {file = "psycopg_binary-3.2.7-cp39-cp39-win_amd64.whl", hash = "sha256:ac0b823a0b199d36e0570d5d2a1154ae767073907496a2e436a236e388fc0c97"},
]

[[package]]
name = "ruff"
version = "0.11.9"
description = "An extremely fast Python linter and code formatter, written in Rust."
optional = false
python-versions = ">=3.7"
groups = ["main"]
files = [
    {file = "ruff-0.11.9-py3-none-linux_armv6l.whl", hash = "sha256:a31a1d143a5e6f499d1fb480f8e1e780b4dfdd580f86e05e87b835d22c5c6f8c"},
    {file = "ruff-0.11.9-py3-none-macosx_10_12_x86_64.whl", hash = "sha256:66bc18ca783b97186a1f3100e91e492615767ae0a3be584e1266aa9051990722"},
    {file = "ruff-0.11.9-py3-none-macosx_11_0_arm64.whl", hash = "sha256:bd576cd06962825de8aece49f28707662ada6a1ff2db848d1348e12c580acbf1"},
    {file = "ruff-0.11.9-py3-none-manylinux_2_17_aarch64.manylinux2014_aarch64.whl", hash = "sha256:5b1d18b4be8182cc6fddf859ce432cc9631556e9f371ada52f3eaefc10d878de"},
    {file = "ruff-0.11.9-py3-none-manylinux_2_17_armv7l.manylinux2014_armv7l.whl", hash = "sha256:0f3f46f759ac623e94824b1e5a687a0df5cd7f5b00718ff9c24f0a894a683be7"},
    {file = "ruff-0.11.9-py3-none-manylinux_2_17_i686.manylinux2014_i686.whl", hash = "sha256:f34847eea11932d97b521450cf3e1d17863cfa5a94f21a056b93fb86f3f3dba2"},
    {file = "ruff-0.11.9-py3-none-manylinux_2_17_ppc64.manylinux2014_ppc64.whl", hash = "sha256:f33b15e00435773df97cddcd263578aa83af996b913721d86f47f4e0ee0ff271"},
    {file = "ruff-0.11.9-py3-none-manylinux_2_17_ppc64le.manylinux2014_ppc64le.whl", hash = "sha256:7b27613a683b086f2aca8996f63cb3dd7bc49e6eccf590563221f7b43ded3f65"},
    {file = "ruff-0.11.9-py3-none-manylinux_2_17_s390x.manylinux2014_s390x.whl", hash = "sha256:9e0d88756e63e8302e630cee3ce2ffb77859797cc84a830a24473939e6da3ca6"},
    {file = "ruff-0.11.9-py3-none-manylinux_2_17_x86_64.manylinux2014_x86_64.whl", hash = "sha256:537c82c9829d7811e3aa680205f94c81a2958a122ac391c0eb60336ace741a70"},
    {file = "ruff-0.11.9-py3-none-musllinux_1_2_aarch64.whl", hash = "sha256:440ac6a7029f3dee7d46ab7de6f54b19e34c2b090bb4f2480d0a2d635228f381"},
    {file = "ruff-0.11.9-py3-none-musllinux_1_2_armv7l.whl", hash = "sha256:71c539bac63d0788a30227ed4d43b81353c89437d355fdc52e0cda4ce5651787"},
    {file = "ruff-0.11.9-py3-none-musllinux_1_2_i686.whl", hash = "sha256:c67117bc82457e4501473c5f5217d49d9222a360794bfb63968e09e70f340abd"},
    {file = "ruff-0.11.9-py3-none-musllinux_1_2_x86_64.whl", hash = "sha256:e4b78454f97aa454586e8a5557facb40d683e74246c97372af3c2d76901d697b"},
    {file = "ruff-0.11.9-py3-none-win32.whl", hash = "sha256:7fe1bc950e7d7b42caaee2a8a3bc27410547cc032c9558ee2e0f6d3b209e845a"},
    {file = "ruff-0.11.9-py3-none-win_amd64.whl", hash = "sha256:52edaa4a6d70f8180343a5b7f030c7edd36ad180c9f4d224959c2d689962d964"},
    {file = "ruff-0.11.9-py3-none-win_arm64.whl", hash = "sha256:bcf42689c22f2e240f496d0c183ef2c6f7b35e809f12c1db58f75d9aa8d630ca"},
    {file = "ruff-0.11.9.tar.gz", hash = "sha256:ebd58d4f67a00afb3a30bf7d383e52d0e036e6195143c6db7019604a05335517"},
]

[[package]]
name = "sqlparse"
version = "0.5.3"
description = "A non-validating SQL parser."
optional = false
python-versions = ">=3.8"
groups = ["main"]
files = [
    {file = "sqlparse-0.5.3-py3-none-any.whl", hash = "sha256:cf2196ed3418f3ba5de6af7e82c694a9fbdbfecccdfc72e281548517081f16ca"},
    {file = "sqlparse-0.5.3.tar.gz", hash = "sha256:09f67787f56a0b16ecdbde1bfc7f5d9c3371ca683cfeaa8e6ff60b4807ec9272"},
]

[package.extras]
dev = ["build", "hatch"]
doc = ["sphinx"]

[[package]]
name = "typing-extensions"
version = "4.13.2"
description = "Backported and Experimental Type Hints for Python 3.8+"
optional = false
python-versions = ">=3.8"
groups = ["main"]
files = [
    {file = "typing_extensions-4.13.2-py3-none-any.whl", hash = "sha256:a439e7c04b49fec3e5d3e2beaa21755cadbbdc391694e28ccdd36ca4a1408f8c"},
    {file = "typing_extensions-4.13.2.tar.gz", hash = "sha256:e6c81219bd689f51865d9e372991c540bda33a0379d5573cddb9a3a23f7caaef"},
]

[[package]]
name = "tzdata"
version = "2025.2"
description = "Provider of IANA time zone data"
optional = false
python-versions = ">=2"
groups = ["main"]
markers = "sys_platform == \"win32\""
files = [
    {file = "tzdata-2025.2-py2.py3-none-any.whl", hash = "sha256:1a403fada01ff9221ca8044d701868fa132215d84beb92242d9acd2147f667a8"},
    {file = "tzdata-2025.2.tar.gz", hash = "sha256:b60a638fcc0daffadf82fe0f57e53d06bdec2f36c4df66280ae79bce6bd6f2b9"},
]

[metadata]
lock-version = "2.1"
python-versions = "^3.12"
content-hash = "f8c7d595ef3b055b18056419b053f07ac35f5b5c3fc836de5eea6da54b84f5a6"
